
Microsoft Visual Studio Solution File, Format Version 12.00
# Visual Studio Version 18
VisualStudioVersion = 18.2.11415.280 d18.0
MinimumVisualStudioVersion = 10.0.40219.1
Project("{FAE04EC0-301F-11D3-BF4B-00C04F79EFBC}") = "CookingWebsite", "CookingWebsite.csproj", "{2ED2FA43-AD42-D0F9-4DFB-F6008FB6562A}"
EndProject
Global
	GlobalSection(SolutionConfigurationPlatforms) = preSolution
		Debug|Any CPU = Debug|Any CPU
		Release|Any CPU = Release|Any CPU
	EndGlobalSection
	GlobalSection(ProjectConfigurationPlatforms) = postSolution
		{2ED2FA43-AD42-D0F9-4DFB-F6008FB6562A}.Debug|Any CPU.ActiveCfg = Debug|Any CPU
		{2ED2FA43-AD42-D0F9-4DFB-F6008FB6562A}.Debug|Any CPU.Build.0 = Debug|Any CPU
		{2ED2FA43-AD42-D0F9-4DFB-F6008FB6562A}.Release|Any CPU.ActiveCfg = Release|Any CPU
		{2ED2FA43-AD42-D0F9-4DFB-F6008FB6562A}.Release|Any CPU.Build.0 = Release|Any CPU
	EndGlobalSection
	GlobalSection(SolutionProperties) = preSolution
		HideSolutionNode = FALSE
	EndGlobalSection
	GlobalSection(ExtensibilityGlobals) = postSolution
		SolutionGuid = {9FEB9758-C9F9-4D07-986C-E7055BB83EAD}
	EndGlobalSection
EndGlobal
